// !$*UTF8*$!
{
	archiveVersion = 1;
	classes = {
	};
	objectVersion = 50;
	objects = {

/* Begin PBXBuildFile section */
		FD1866F7211C61A500D43D38 /* AppDelegate.swift in Sources */ = {isa = PBXBuildFile; fileRef = FD1866F6211C61A500D43D38 /* AppDelegate.swift */; };
		FD1866F9211C61A500D43D38 /* ViewController.swift in Sources */ = {isa = PBXBuildFile; fileRef = FD1866F8211C61A500D43D38 /* ViewController.swift */; };
		FD1866FC211C61A500D43D38 /* Main.storyboard in Resources */ = {isa = PBXBuildFile; fileRef = FD1866FA211C61A500D43D38 /* Main.storyboard */; };
		FD1866FE211C61A500D43D38 /* Assets.xcassets in Resources */ = {isa = PBXBuildFile; fileRef = FD1866FD211C61A500D43D38 /* Assets.xcassets */; };
		FD186701211C61A500D43D38 /* LaunchScreen.storyboard in Resources */ = {isa = PBXBuildFile; fileRef = FD1866FF211C61A500D43D38 /* LaunchScreen.storyboard */; };
		FD18670C211C61A600D43D38 /* RunnersTests.swift in Sources */ = {isa = PBXBuildFile; fileRef = FD18670B211C61A600D43D38 /* RunnersTests.swift */; };
		FD186717211C61A600D43D38 /* RunnersUITests.swift in Sources */ = {isa = PBXBuildFile; fileRef = FD186716211C61A600D43D38 /* RunnersUITests.swift */; };
/* End PBXBuildFile section */

/* Begin PBXContainerItemProxy section */
		FD186708211C61A600D43D38 /* PBXContainerItemProxy */ = {
			isa = PBXContainerItemProxy;
			containerPortal = FD1866EB211C61A500D43D38 /* Project object */;
			proxyType = 1;
			remoteGlobalIDString = FD1866F2211C61A500D43D38;
			remoteInfo = Runners;
		};
		FD186713211C61A600D43D38 /* PBXContainerItemProxy */ = {
			isa = PBXContainerItemProxy;
			containerPortal = FD1866EB211C61A500D43D38 /* Project object */;
			proxyType = 1;
			remoteGlobalIDString = FD1866F2211C61A500D43D38;
			remoteInfo = Runners;
		};
/* End PBXContainerItemProxy section */

/* Begin PBXFileReference section */
		FD1866F3211C61A500D43D38 /* Runners.app */ = {isa = PBXFileReference; explicitFileType = wrapper.application; includeInIndex = 0; path = Runners.app; sourceTree = BUILT_PRODUCTS_DIR; };
		FD1866F6211C61A500D43D38 /* AppDelegate.swift */ = {isa = PBXFileReference; lastKnownFileType = sourcecode.swift; path = AppDelegate.swift; sourceTree = "<group>"; };
		FD1866F8211C61A500D43D38 /* ViewController.swift */ = {isa = PBXFileReference; lastKnownFileType = sourcecode.swift; path = ViewController.swift; sourceTree = "<group>"; };
		FD1866FB211C61A500D43D38 /* Base */ = {isa = PBXFileReference; lastKnownFileType = file.storyboard; name = Base; path = Base.lproj/Main.storyboard; sourceTree = "<group>"; };
		FD1866FD211C61A500D43D38 /* Assets.xcassets */ = {isa = PBXFileReference; lastKnownFileType = folder.assetcatalog; path = Assets.xcassets; sourceTree = "<group>"; };
		FD186700211C61A500D43D38 /* Base */ = {isa = PBXFileReference; lastKnownFileType = file.storyboard; name = Base; path = Base.lproj/LaunchScreen.storyboard; sourceTree = "<group>"; };
		FD186702211C61A500D43D38 /* Info.plist */ = {isa = PBXFileReference; lastKnownFileType = text.plist.xml; path = Info.plist; sourceTree = "<group>"; };
		FD186707211C61A600D43D38 /* RunnersTests.xctest */ = {isa = PBXFileReference; explicitFileType = wrapper.cfbundle; includeInIndex = 0; path = RunnersTests.xctest; sourceTree = BUILT_PRODUCTS_DIR; };
		FD18670B211C61A600D43D38 /* RunnersTests.swift */ = {isa = PBXFileReference; lastKnownFileType = sourcecode.swift; path = RunnersTests.swift; sourceTree = "<group>"; };
		FD18670D211C61A600D43D38 /* Info.plist */ = {isa = PBXFileReference; lastKnownFileType = text.plist.xml; path = Info.plist; sourceTree = "<group>"; };
		FD186712211C61A600D43D38 /* RunnersUITests.xctest */ = {isa = PBXFileReference; explicitFileType = wrapper.cfbundle; includeInIndex = 0; path = RunnersUITests.xctest; sourceTree = BUILT_PRODUCTS_DIR; };
		FD186716211C61A600D43D38 /* RunnersUITests.swift */ = {isa = PBXFileReference; lastKnownFileType = sourcecode.swift; path = RunnersUITests.swift; sourceTree = "<group>"; };
		FD186718211C61A600D43D38 /* Info.plist */ = {isa = PBXFileReference; lastKnownFileType = text.plist.xml; path = Info.plist; sourceTree = "<group>"; };
/* End PBXFileReference section */

/* Begin PBXFrameworksBuildPhase section */
		FD1866F0211C61A500D43D38 /* Frameworks */ = {
			isa = PBXFrameworksBuildPhase;
			buildActionMask = 2147483647;
			files = (
			);
			runOnlyForDeploymentPostprocessing = 0;
		};
		FD186704211C61A600D43D38 /* Frameworks */ = {
			isa = PBXFrameworksBuildPhase;
			buildActionMask = 2147483647;
			files = (
			);
			runOnlyForDeploymentPostprocessing = 0;
		};
		FD18670F211C61A600D43D38 /* Frameworks */ = {
			isa = PBXFrameworksBuildPhase;
			buildActionMask = 2147483647;
			files = (
			);
			runOnlyForDeploymentPostprocessing = 0;
		};
/* End PBXFrameworksBuildPhase section */

/* Begin PBXGroup section */
		FD1866EA211C61A500D43D38 = {
			isa = PBXGroup;
			children = (
				FD1866F5211C61A500D43D38 /* Runners */,
				FD18670A211C61A600D43D38 /* RunnersTests */,
				FD186715211C61A600D43D38 /* RunnersUITests */,
				FD1866F4211C61A500D43D38 /* Products */,
			);
			sourceTree = "<group>";
		};
		FD1866F4211C61A500D43D38 /* Products */ = {
			isa = PBXGroup;
			children = (
				FD1866F3211C61A500D43D38 /* Runners.app */,
				FD186707211C61A600D43D38 /* RunnersTests.xctest */,
				FD186712211C61A600D43D38 /* RunnersUITests.xctest */,
			);
			name = Products;
			sourceTree = "<group>";
		};
		FD1866F5211C61A500D43D38 /* Runners */ = {
			isa = PBXGroup;
			children = (
				FD1866F6211C61A500D43D38 /* AppDelegate.swift */,
				FD1866F8211C61A500D43D38 /* ViewController.swift */,
				FD1866FA211C61A500D43D38 /* Main.storyboard */,
				FD1866FD211C61A500D43D38 /* Assets.xcassets */,
				FD1866FF211C61A500D43D38 /* LaunchScreen.storyboard */,
				FD186702211C61A500D43D38 /* Info.plist */,
			);
			path = Runners;
			sourceTree = "<group>";
		};
		FD18670A211C61A600D43D38 /* RunnersTests */ = {
			isa = PBXGroup;
			children = (
				FD18670B211C61A600D43D38 /* RunnersTests.swift */,
				FD18670D211C61A600D43D38 /* Info.plist */,
			);
			path = RunnersTests;
			sourceTree = "<group>";
		};
		FD186715211C61A600D43D38 /* RunnersUITests */ = {
			isa = PBXGroup;
			children = (
				FD186716211C61A600D43D38 /* RunnersUITests.swift */,
				FD186718211C61A600D43D38 /* Info.plist */,
			);
			path = RunnersUITests;
			sourceTree = "<group>";
		};
/* End PBXGroup section */

/* Begin PBXNativeTarget section */
		FD1866F2211C61A500D43D38 /* Runners */ = {
			isa = PBXNativeTarget;
			buildConfigurationList = FD18671B211C61A600D43D38 /* Build configuration list for PBXNativeTarget "Runners" */;
			buildPhases = (
				FD1866EF211C61A500D43D38 /* Sources */,
				FD1866F0211C61A500D43D38 /* Frameworks */,
				FD1866F1211C61A500D43D38 /* Resources */,
			);
			buildRules = (
			);
			dependencies = (
			);
			name = Runners;
			productName = Runners;
			productReference = FD1866F3211C61A500D43D38 /* Runners.app */;
			productType = "com.apple.product-type.application";
		};
		FD186706211C61A600D43D38 /* RunnersTests */ = {
			isa = PBXNativeTarget;
			buildConfigurationList = FD18671E211C61A600D43D38 /* Build configuration list for PBXNativeTarget "RunnersTests" */;
			buildPhases = (
				FD186703211C61A600D43D38 /* Sources */,
				FD186704211C61A600D43D38 /* Frameworks */,
				FD186705211C61A600D43D38 /* Resources */,
			);
			buildRules = (
			);
			dependencies = (
				FD186709211C61A600D43D38 /* PBXTargetDependency */,
			);
			name = RunnersTests;
			productName = RunnersTests;
			productReference = FD186707211C61A600D43D38 /* RunnersTests.xctest */;
			productType = "com.apple.product-type.bundle.unit-test";
		};
		FD186711211C61A600D43D38 /* RunnersUITests */ = {
			isa = PBXNativeTarget;
			buildConfigurationList = FD186721211C61A600D43D38 /* Build configuration list for PBXNativeTarget "RunnersUITests" */;
			buildPhases = (
				FD18670E211C61A600D43D38 /* Sources */,
				FD18670F211C61A600D43D38 /* Frameworks */,
				FD186710211C61A600D43D38 /* Resources */,
			);
			buildRules = (
			);
			dependencies = (
				FD186714211C61A600D43D38 /* PBXTargetDependency */,
			);
			name = RunnersUITests;
			productName = RunnersUITests;
			productReference = FD186712211C61A600D43D38 /* RunnersUITests.xctest */;
			productType = "com.apple.product-type.bundle.ui-testing";
		};
/* End PBXNativeTarget section */

/* Begin PBXProject section */
		FD1866EB211C61A500D43D38 /* Project object */ = {
			isa = PBXProject;
			attributes = {
				LastSwiftUpdateCheck = 0940;
				LastUpgradeCheck = 0940;
				ORGANIZATIONNAME = "MANAS VIJAYWARGIYA";
				TargetAttributes = {
					FD1866F2211C61A500D43D38 = {
						CreatedOnToolsVersion = 9.4.1;
					};
					FD186706211C61A600D43D38 = {
						CreatedOnToolsVersion = 9.4.1;
						TestTargetID = FD1866F2211C61A500D43D38;
					};
					FD186711211C61A600D43D38 = {
						CreatedOnToolsVersion = 9.4.1;
						TestTargetID = FD1866F2211C61A500D43D38;
					};
				};
			};
			buildConfigurationList = FD1866EE211C61A500D43D38 /* Build configuration list for PBXProject "Runners" */;
			compatibilityVersion = "Xcode 9.3";
			developmentRegion = en;
			hasScannedForEncodings = 0;
			knownRegions = (
				en,
				Base,
			);
			mainGroup = FD1866EA211C61A500D43D38;
			productRefGroup = FD1866F4211C61A500D43D38 /* Products */;
			projectDirPath = "";
			projectRoot = "";
			targets = (
				FD1866F2211C61A500D43D38 /* Runners */,
				FD186706211C61A600D43D38 /* RunnersTests */,
				FD186711211C61A600D43D38 /* RunnersUITests */,
			);
		};
/* End PBXProject section */

/* Begin PBXResourcesBuildPhase section */
		FD1866F1211C61A500D43D38 /* Resources */ = {
			isa = PBXResourcesBuildPhase;
			buildActionMask = 2147483647;
			files = (
				FD186701211C61A500D43D38 /* LaunchScreen.storyboard in Resources */,
				FD1866FE211C61A500D43D38 /* Assets.xcassets in Resources */,
				FD1866FC211C61A500D43D38 /* Main.storyboard in Resources */,
			);
			runOnlyForDeploymentPostprocessing = 0;
		};
		FD186705211C61A600D43D38 /* Resources */ = {
			isa = PBXResourcesBuildPhase;
			buildActionMask = 2147483647;
			files = (
			);
			runOnlyForDeploymentPostprocessing = 0;
		};
		FD186710211C61A600D43D38 /* Resources */ = {
			isa = PBXResourcesBuildPhase;
			buildActionMask = 2147483647;
			files = (
			);
			runOnlyForDeploymentPostprocessing = 0;
		};
/* End PBXResourcesBuildPhase section */

/* Begin PBXSourcesBuildPhase section */
		FD1866EF211C61A500D43D38 /* Sources */ = {
			isa = PBXSourcesBuildPhase;
			buildActionMask = 2147483647;
			files = (
				FD1866F9211C61A500D43D38 /* ViewController.swift in Sources */,
				FD1866F7211C61A500D43D38 /* AppDelegate.swift in Sources */,
			);
			runOnlyForDeploymentPostprocessing = 0;
		};
		FD186703211C61A600D43D38 /* Sources */ = {
			isa = PBXSourcesBuildPhase;
			buildActionMask = 2147483647;
			files = (
				FD18670C211C61A600D43D38 /* RunnersTests.swift in Sources */,
			);
			runOnlyForDeploymentPostprocessing = 0;
		};
		FD18670E211C61A600D43D38 /* Sources */ = {
			isa = PBXSourcesBuildPhase;
			buildActionMask = 2147483647;
			files = (
				FD186717211C61A600D43D38 /* RunnersUITests.swift in Sources */,
			);
			runOnlyForDeploymentPostprocessing = 0;
		};
/* End PBXSourcesBuildPhase section */

/* Begin PBXTargetDependency section */
		FD186709211C61A600D43D38 /* PBXTargetDependency */ = {
			isa = PBXTargetDependency;
			target = FD1866F2211C61A500D43D38 /* Runners */;
			targetProxy = FD186708211C61A600D43D38 /* PBXContainerItemProxy */;
		};
		FD186714211C61A600D43D38 /* PBXTargetDependency */ = {
			isa = PBXTargetDependency;
			target = FD1866F2211C61A500D43D38 /* Runners */;
			targetProxy = FD186713211C61A600D43D38 /* PBXContainerItemProxy */;
		};
/* End PBXTargetDependency section */

/* Begin PBXVariantGroup section */
		FD1866FA211C61A500D43D38 /* Main.storyboard */ = {
			isa = PBXVariantGroup;
			children = (
				FD1866FB211C61A500D43D38 /* Base */,
			);
			name = Main.storyboard;
			sourceTree = "<group>";
		};
		FD1866FF211C61A500D43D38 /* LaunchScreen.storyboard */ = {
			isa = PBXVariantGroup;
			children = (
				FD186700211C61A500D43D38 /* Base */,
			);
			name = LaunchScreen.storyboard;
			sourceTree = "<group>";
		};
/* End PBXVariantGroup section */

/* Begin XCBuildConfiguration section */
		FD186719211C61A600D43D38 /* Debug */ = {
			isa = XCBuildConfiguration;
			buildSettings = {
				ALWAYS_SEARCH_USER_PATHS = NO;
				CLANG_ANALYZER_NONNULL = YES;
				CLANG_ANALYZER_NUMBER_OBJECT_CONVERSION = YES_AGGRESSIVE;
				CLANG_CXX_LANGUAGE_STANDARD = "gnu++14";
				CLANG_CXX_LIBRARY = "libc++";
				CLANG_ENABLE_MODULES = YES;
				CLANG_ENABLE_OBJC_ARC = YES;
				CLANG_ENABLE_OBJC_WEAK = YES;
				CLANG_WARN_BLOCK_CAPTURE_AUTORELEASING = YES;
				CLANG_WARN_BOOL_CONVERSION = YES;
				CLANG_WARN_COMMA = YES;
				CLANG_WARN_CONSTANT_CONVERSION = YES;
				CLANG_WARN_DEPRECATED_OBJC_IMPLEMENTATIONS = YES;
				CLANG_WARN_DIRECT_OBJC_ISA_USAGE = YES_ERROR;
				CLANG_WARN_DOCUMENTATION_COMMENTS = YES;
				CLANG_WARN_EMPTY_BODY = YES;
				CLANG_WARN_ENUM_CONVERSION = YES;
				CLANG_WARN_INFINITE_RECURSION = YES;
				CLANG_WARN_INT_CONVERSION = YES;
				CLANG_WARN_NON_LITERAL_NULL_CONVERSION = YES;
				CLANG_WARN_OBJC_IMPLICIT_RETAIN_SELF = YES;
				CLANG_WARN_OBJC_LITERAL_CONVERSION = YES;
				CLANG_WARN_OBJC_ROOT_CLASS = YES_ERROR;
				CLANG_WARN_RANGE_LOOP_ANALYSIS = YES;
				CLANG_WARN_STRICT_PROTOTYPES = YES;
				CLANG_WARN_SUSPICIOUS_MOVE = YES;
				CLANG_WARN_UNGUARDED_AVAILABILITY = YES_AGGRESSIVE;
				CLANG_WARN_UNREACHABLE_CODE = YES;
				CLANG_WARN__DUPLICATE_METHOD_MATCH = YES;
				CODE_SIGN_IDENTITY = "iPhone Developer";
				COPY_PHASE_STRIP = NO;
				DEBUG_INFORMATION_FORMAT = dwarf;
				ENABLE_STRICT_OBJC_MSGSEND = YES;
				ENABLE_TESTABILITY = YES;
				GCC_C_LANGUAGE_STANDARD = gnu11;
				GCC_DYNAMIC_NO_PIC = NO;
				GCC_NO_COMMON_BLOCKS = YES;
				GCC_OPTIMIZATION_LEVEL = 0;
				GCC_PREPROCESSOR_DEFINITIONS = (
					"DEBUG=1",
					"$(inherited)",
				);
				GCC_WARN_64_TO_32_BIT_CONVERSION = YES;
				GCC_WARN_ABOUT_RETURN_TYPE = YES_ERROR;
				GCC_WARN_UNDECLARED_SELECTOR = YES;
				GCC_WARN_UNINITIALIZED_AUTOS = YES_AGGRESSIVE;
				GCC_WARN_UNUSED_FUNCTION = YES;
				GCC_WARN_UNUSED_VARIABLE = YES;
				IPHONEOS_DEPLOYMENT_TARGET = 11.4;
				MTL_ENABLE_DEBUG_INFO = YES;
				ONLY_ACTIVE_ARCH = YES;
				SDKROOT = iphoneos;
				SWIFT_ACTIVE_COMPILATION_CONDITIONS = DEBUG;
				SWIFT_OPTIMIZATION_LEVEL = "-Onone";
			};
			name = Debug;
		};
		FD18671A211C61A600D43D38 /* Release */ = {
			isa = XCBuildConfiguration;
			buildSettings = {
				ALWAYS_SEARCH_USER_PATHS = NO;
				CLANG_ANALYZER_NONNULL = YES;
				CLANG_ANALYZER_NUMBER_OBJECT_CONVERSION = YES_AGGRESSIVE;
				CLANG_CXX_LANGUAGE_STANDARD = "gnu++14";
				CLANG_CXX_LIBRARY = "libc++";
				CLANG_ENABLE_MODULES = YES;
				CLANG_ENABLE_OBJC_ARC = YES;
				CLANG_ENABLE_OBJC_WEAK = YES;
				CLANG_WARN_BLOCK_CAPTURE_AUTORELEASING = YES;
				CLANG_WARN_BOOL_CONVERSION = YES;
				CLANG_WARN_COMMA = YES;
				CLANG_WARN_CONSTANT_CONVERSION = YES;
				CLANG_WARN_DEPRECATED_OBJC_IMPLEMENTATIONS = YES;
				CLANG_WARN_DIRECT_OBJC_ISA_USAGE = YES_ERROR;
				CLANG_WARN_DOCUMENTATION_COMMENTS = YES;
				CLANG_WARN_EMPTY_BODY = YES;
				CLANG_WARN_ENUM_CONVERSION = YES;
				CLANG_WARN_INFINITE_RECURSION = YES;
				CLANG_WARN_INT_CONVERSION = YES;
				CLANG_WARN_NON_LITERAL_NULL_CONVERSION = YES;
				CLANG_WARN_OBJC_IMPLICIT_RETAIN_SELF = YES;
				CLANG_WARN_OBJC_LITERAL_CONVERSION = YES;
				CLANG_WARN_OBJC_ROOT_CLASS = YES_ERROR;
				CLANG_WARN_RANGE_LOOP_ANALYSIS = YES;
				CLANG_WARN_STRICT_PROTOTYPES = YES;
				CLANG_WARN_SUSPICIOUS_MOVE = YES;
				CLANG_WARN_UNGUARDED_AVAILABILITY = YES_AGGRESSIVE;
				CLANG_WARN_UNREACHABLE_CODE = YES;
				CLANG_WARN__DUPLICATE_METHOD_MATCH = YES;
				CODE_SIGN_IDENTITY = "iPhone Developer";
				COPY_PHASE_STRIP = NO;
				DEBUG_INFORMATION_FORMAT = "dwarf-with-dsym";
				ENABLE_NS_ASSERTIONS = NO;
				ENABLE_STRICT_OBJC_MSGSEND = YES;
				GCC_C_LANGUAGE_STANDARD = gnu11;
				GCC_NO_COMMON_BLOCKS = YES;
				GCC_WARN_64_TO_32_BIT_CONVERSION = YES;
				GCC_WARN_ABOUT_RETURN_TYPE = YES_ERROR;
				GCC_WARN_UNDECLARED_SELECTOR = YES;
				GCC_WARN_UNINITIALIZED_AUTOS = YES_AGGRESSIVE;
				GCC_WARN_UNUSED_FUNCTION = YES;
				GCC_WARN_UNUSED_VARIABLE = YES;
				IPHONEOS_DEPLOYMENT_TARGET = 11.4;
				MTL_ENABLE_DEBUG_INFO = NO;
				SDKROOT = iphoneos;
				SWIFT_COMPILATION_MODE = wholemodule;
				SWIFT_OPTIMIZATION_LEVEL = "-O";
				VALIDATE_PRODUCT = YES;
			};
			name = Release;
		};
		FD18671C211C61A600D43D38 /* Debug */ = {
			isa = XCBuildConfiguration;
			buildSettings = {
				ASSETCATALOG_COMPILER_APPICON_NAME = AppIcon;
				CODE_SIGN_STYLE = Automatic;
				DEVELOPMENT_TEAM = XP6V4T4UU6;
				INFOPLIST_FILE = Runners/Info.plist;
				LD_RUNPATH_SEARCH_PATHS = (
					"$(inherited)",
					"@executable_path/Frameworks",
				);
				PRODUCT_BUNDLE_IDENTIFIER = com.universe.Runners;
				PRODUCT_NAME = "$(TARGET_NAME)";
				SWIFT_VERSION = 4.0;
				TARGETED_DEVICE_FAMILY = 1;
			};
			name = Debug;
		};
		FD18671D211C61A600D43D38 /* Release */ = {
			isa = XCBuildConfiguration;
			buildSettings = {
				ASSETCATALOG_COMPILER_APPICON_NAME = AppIcon;
				CODE_SIGN_STYLE = Automatic;
				DEVELOPMENT_TEAM = XP6V4T4UU6;
				INFOPLIST_FILE = Runners/Info.plist;
				LD_RUNPATH_SEARCH_PATHS = (
					"$(inherited)",
					"@executable_path/Frameworks",
				);
				PRODUCT_BUNDLE_IDENTIFIER = com.universe.Runners;
				PRODUCT_NAME = "$(TARGET_NAME)";
				SWIFT_VERSION = 4.0;
				TARGETED_DEVICE_FAMILY = 1;
			};
			name = Release;
		};
		FD18671F211C61A600D43D38 /* Debug */ = {
			isa = XCBuildConfiguration;
			buildSettings = {
				ALWAYS_EMBED_SWIFT_STANDARD_LIBRARIES = YES;
				BUNDLE_LOADER = "$(TEST_HOST)";
				CODE_SIGN_STYLE = Automatic;
				DEVELOPMENT_TEAM = XP6V4T4UU6;
				INFOPLIST_FILE = RunnersTests/Info.plist;
				LD_RUNPATH_SEARCH_PATHS = (
					"$(inherited)",
					"@executable_path/Frameworks",
					"@loader_path/Frameworks",
				);
				PRODUCT_BUNDLE_IDENTIFIER = com.universe.RunnersTests;
				PRODUCT_NAME = "$(TARGET_NAME)";
				SWIFT_VERSION = 4.0;
				TARGETED_DEVICE_FAMILY = "1,2";
				TEST_HOST = "$(BUILT_PRODUCTS_DIR)/Runners.app/Runners";
			};
			name = Debug;
		};
		FD186720211C61A600D43D38 /* Release */ = {
			isa = XCBuildConfiguration;
			buildSettings = {
				ALWAYS_EMBED_SWIFT_STANDARD_LIBRARIES = YES;
				BUNDLE_LOADER = "$(TEST_HOST)";
				CODE_SIGN_STYLE = Automatic;
				DEVELOPMENT_TEAM = XP6V4T4UU6;
				INFOPLIST_FILE = RunnersTests/Info.plist;
				LD_RUNPATH_SEARCH_PATHS = (
					"$(inherited)",
					"@executable_path/Frameworks",
					"@loader_path/Frameworks",
				);
				PRODUCT_BUNDLE_IDENTIFIER = com.universe.RunnersTests;
				PRODUCT_NAME = "$(TARGET_NAME)";
				SWIFT_VERSION = 4.0;
				TARGETED_DEVICE_FAMILY = "1,2";
				TEST_HOST = "$(BUILT_PRODUCTS_DIR)/Runners.app/Runners";
			};
			name = Release;
		};
		FD186722211C61A600D43D38 /* Debug */ = {
			isa = XCBuildConfiguration;
			buildSettings = {
				ALWAYS_EMBED_SWIFT_STANDARD_LIBRARIES = YES;
				CODE_SIGN_STYLE = Automatic;
				DEVELOPMENT_TEAM = XP6V4T4UU6;
				INFOPLIST_FILE = RunnersUITests/Info.plist;
				LD_RUNPATH_SEARCH_PATHS = (
					"$(inherited)",
					"@executable_path/Frameworks",
					"@loader_path/Frameworks",
				);
				PRODUCT_BUNDLE_IDENTIFIER = com.universe.RunnersUITests;
				PRODUCT_NAME = "$(TARGET_NAME)";
				SWIFT_VERSION = 4.0;
				TARGETED_DEVICE_FAMILY = "1,2";
				TEST_TARGET_NAME = Runners;
			};
			name = Debug;
		};
		FD186723211C61A600D43D38 /* Release */ = {
			isa = XCBuildConfiguration;
			buildSettings = {
				ALWAYS_EMBED_SWIFT_STANDARD_LIBRARIES = YES;
				CODE_SIGN_STYLE = Automatic;
				DEVELOPMENT_TEAM = XP6V4T4UU6;
				INFOPLIST_FILE = RunnersUITests/Info.plist;
				LD_RUNPATH_SEARCH_PATHS = (
					"$(inherited)",
					"@executable_path/Frameworks",
					"@loader_path/Frameworks",
				);
				PRODUCT_BUNDLE_IDENTIFIER = com.universe.RunnersUITests;
				PRODUCT_NAME = "$(TARGET_NAME)";
				SWIFT_VERSION = 4.0;
				TARGETED_DEVICE_FAMILY = "1,2";
				TEST_TARGET_NAME = Runners;
			};
			name = Release;
		};
/* End XCBuildConfiguration section */

/* Begin XCConfigurationList section */
		FD1866EE211C61A500D43D38 /* Build configuration list for PBXProject "Runners" */ = {
			isa = XCConfigurationList;
			buildConfigurations = (
				FD186719211C61A600D43D38 /* Debug */,
				FD18671A211C61A600D43D38 /* Release */,
			);
			defaultConfigurationIsVisible = 0;
			defaultConfigurationName = Release;
		};
		FD18671B211C61A600D43D38 /* Build configuration list for PBXNativeTarget "Runners" */ = {
			isa = XCConfigurationList;
			buildConfigurations = (
				FD18671C211C61A600D43D38 /* Debug */,
				FD18671D211C61A600D43D38 /* Release */,
			);
			defaultConfigurationIsVisible = 0;
			defaultConfigurationName = Release;
		};
		FD18671E211C61A600D43D38 /* Build configuration list for PBXNativeTarget "RunnersTests" */ = {
			isa = XCConfigurationList;
			buildConfigurations = (
				FD18671F211C61A600D43D38 /* Debug */,
				FD186720211C61A600D43D38 /* Release */,
			);
			defaultConfigurationIsVisible = 0;
			defaultConfigurationName = Release;
		};
		FD186721211C61A600D43D38 /* Build configuration list for PBXNativeTarget "RunnersUITests" */ = {
			isa = XCConfigurationList;
			buildConfigurations = (
				FD186722211C61A600D43D38 /* Debug */,
				FD186723211C61A600D43D38 /* Release */,
			);
			defaultConfigurationIsVisible = 0;
			defaultConfigurationName = Release;
		};
/* End XCConfigurationList section */
	};
	rootObject = FD1866EB211C61A500D43D38 /* Project object */;
}
